
Microsoft Visual Studio Solution File, Format Version 12.00
# Visual Studio 15
Project("{FAE04EC0-301F-11D3-BF4B-00C04F79EFBC}") = "JBooth.MicroSplat.Core.Editor", "JBooth.MicroSplat.Core.Editor.csproj", "{A72D9CDE-5275-0640-32B5-14AF3401168D}"
EndProject
Project("{FAE04EC0-301F-11D3-BF4B-00C04F79EFBC}") = "AdjustPivot.Editor", "AdjustPivot.Editor.csproj", "{82773228-E4EE-86D3-2B83-5C981C278833}"
EndProject
Project("{FAE04EC0-301F-11D3-BF4B-00C04F79EFBC}") = "JBooth.MicroSplat.Core", "JBooth.MicroSplat.Core.csproj", "{C63EB605-0E2D-06C6-40D0-1958A6295D6C}"
EndProject
Project("{FAE04EC0-301F-11D3-BF4B-00C04F79EFBC}") = "Assembly-CSharp", "Assembly-CSharp.csproj", "{A775BC46-FF97-AE9D-B1D0-9E22B6DC1733}"
EndProject
Global
	GlobalSection(SolutionConfigurationPlatforms) = preSolution
		Debug|Any CPU = Debug|Any CPU
		Release|Any CPU = Release|Any CPU
	EndGlobalSection
	GlobalSection(ProjectConfigurationPlatforms) = postSolution
		{A72D9CDE-5275-0640-32B5-14AF3401168D}.Debug|Any CPU.ActiveCfg = Debug|Any CPU
		{A72D9CDE-5275-0640-32B5-14AF3401168D}.Debug|Any CPU.Build.0 = Debug|Any CPU
		{A72D9CDE-5275-0640-32B5-14AF3401168D}.Release|Any CPU.ActiveCfg = Release|Any CPU
		{A72D9CDE-5275-0640-32B5-14AF3401168D}.Release|Any CPU.Build.0 = Release|Any CPU
		{82773228-E4EE-86D3-2B83-5C981C278833}.Debug|Any CPU.ActiveCfg = Debug|Any CPU
		{82773228-E4EE-86D3-2B83-5C981C278833}.Debug|Any CPU.Build.0 = Debug|Any CPU
		{82773228-E4EE-86D3-2B83-5C981C278833}.Release|Any CPU.ActiveCfg = Release|Any CPU
		{82773228-E4EE-86D3-2B83-5C981C278833}.Release|Any CPU.Build.0 = Release|Any CPU
		{C63EB605-0E2D-06C6-40D0-1958A6295D6C}.Debug|Any CPU.ActiveCfg = Debug|Any CPU
		{C63EB605-0E2D-06C6-40D0-1958A6295D6C}.Debug|Any CPU.Build.0 = Debug|Any CPU
		{C63EB605-0E2D-06C6-40D0-1958A6295D6C}.Release|Any CPU.ActiveCfg = Release|Any CPU
		{C63EB605-0E2D-06C6-40D0-1958A6295D6C}.Release|Any CPU.Build.0 = Release|Any CPU
		{A775BC46-FF97-AE9D-B1D0-9E22B6DC1733}.Debug|Any CPU.ActiveCfg = Debug|Any CPU
		{A775BC46-FF97-AE9D-B1D0-9E22B6DC1733}.Debug|Any CPU.Build.0 = Debug|Any CPU
		{A775BC46-FF97-AE9D-B1D0-9E22B6DC1733}.Release|Any CPU.ActiveCfg = Release|Any CPU
		{A775BC46-FF97-AE9D-B1D0-9E22B6DC1733}.Release|Any CPU.Build.0 = Release|Any CPU
	EndGlobalSection
	GlobalSection(SolutionProperties) = preSolution
		HideSolutionNode = FALSE
	EndGlobalSection
EndGlobal
